
Microsoft Visual Studio Solution File, Format Version 12.00
Project("{FAE04EC0-301F-11D3-BF4B-00C04F79EFBC}") = "Rainbow", "Rainbow.csproj", "{FD455D42-0FEB-4231-9A17-8C910E075EA4}"
EndProject
Global
	GlobalSection(SolutionConfigurationPlatforms) = preSolution
		Debug|Any CPU = Debug|Any CPU
		Release|Any CPU = Release|Any CPU
	EndGlobalSection
	GlobalSection(ProjectConfigurationPlatforms) = postSolution
		{FD455D42-0FEB-4231-9A17-8C910E075EA4}.Debug|Any CPU.ActiveCfg = Debug|Any CPU
		{FD455D42-0FEB-4231-9A17-8C910E075EA4}.Debug|Any CPU.Build.0 = Debug|Any CPU
		{FD455D42-0FEB-4231-9A17-8C910E075EA4}.Release|Any CPU.ActiveCfg = Release|Any CPU
		{FD455D42-0FEB-4231-9A17-8C910E075EA4}.Release|Any CPU.Build.0 = Release|Any CPU
	EndGlobalSection
EndGlobal
